
Microsoft Visual Studio Solution File, Format Version 12.00
# Visual Studio 15
Project("{FAE04EC0-301F-11D3-BF4B-00C04F79EFBC}") = "Assembly-CSharp", "Assembly-CSharp.csproj", "{89ED1CDF-8FA9-5A3A-40F0-517D2996D24F}"
EndProject
Project("{FAE04EC0-301F-11D3-BF4B-00C04F79EFBC}") = "Assembly-CSharp-firstpass", "Assembly-CSharp-firstpass.csproj", "{1F14AAAA-2581-E1DF-0801-9689983A33D3}"
EndProject
Global
	GlobalSection(SolutionConfigurationPlatforms) = preSolution
		Debug|Any CPU = Debug|Any CPU
		Release|Any CPU = Release|Any CPU
	EndGlobalSection
	GlobalSection(ProjectConfigurationPlatforms) = postSolution
		{89ED1CDF-8FA9-5A3A-40F0-517D2996D24F}.Debug|Any CPU.ActiveCfg = Debug|Any CPU
		{89ED1CDF-8FA9-5A3A-40F0-517D2996D24F}.Debug|Any CPU.Build.0 = Debug|Any CPU
		{89ED1CDF-8FA9-5A3A-40F0-517D2996D24F}.Release|Any CPU.ActiveCfg = Release|Any CPU
		{89ED1CDF-8FA9-5A3A-40F0-517D2996D24F}.Release|Any CPU.Build.0 = Release|Any CPU
		{1F14AAAA-2581-E1DF-0801-9689983A33D3}.Debug|Any CPU.ActiveCfg = Debug|Any CPU
		{1F14AAAA-2581-E1DF-0801-9689983A33D3}.Debug|Any CPU.Build.0 = Debug|Any CPU
		{1F14AAAA-2581-E1DF-0801-9689983A33D3}.Release|Any CPU.ActiveCfg = Release|Any CPU
		{1F14AAAA-2581-E1DF-0801-9689983A33D3}.Release|Any CPU.Build.0 = Release|Any CPU
	EndGlobalSection
	GlobalSection(SolutionProperties) = preSolution
		HideSolutionNode = FALSE
	EndGlobalSection
EndGlobal
